
Microsoft Visual Studio Solution File, Format Version 12.00
# Visual Studio Version 17
VisualStudioVersion = 17.0.31903.59
MinimumVisualStudioVersion = 10.0.40219.1
Project("{2150E333-8FDC-42A3-9474-1A3956D46DE8}") = "src", "src", "{8F356700-94D7-4BEC-8EC1-4884C1720301}"
EndProject
Project("{FAE04EC0-301F-11D3-BF4B-00C04F79EFBC}") = "TripTales.Webapi", "src\TripTales.Webapi\TripTales.Webapi.csproj", "{9BE8D8A1-2A40-4214-B462-6E389F2D92BC}"
EndProject
Project("{FAE04EC0-301F-11D3-BF4B-00C04F79EFBC}") = "TripTales.Application", "src\TripTales.Application\TripTales.Application.csproj", "{B2C94E6F-8AEB-4F65-97DB-603504F795B4}"
EndProject
Project("{2150E333-8FDC-42A3-9474-1A3956D46DE8}") = "test", "test", "{B97FD169-7E65-4688-8BD0-32FAF79AB2B4}"
EndProject
Project("{FAE04EC0-301F-11D3-BF4B-00C04F79EFBC}") = "TripTales.Application.Tests", "test\TripTales.Application.Tests\TripTales.Application.Tests.csproj", "{5252A8C9-EACF-492F-BF88-C9F0551FF217}"
EndProject
Global
	GlobalSection(SolutionConfigurationPlatforms) = preSolution
		Debug|Any CPU = Debug|Any CPU
		Release|Any CPU = Release|Any CPU
	EndGlobalSection
	GlobalSection(SolutionProperties) = preSolution
		HideSolutionNode = FALSE
	EndGlobalSection
	GlobalSection(ProjectConfigurationPlatforms) = postSolution
		{9BE8D8A1-2A40-4214-B462-6E389F2D92BC}.Debug|Any CPU.ActiveCfg = Debug|Any CPU
		{9BE8D8A1-2A40-4214-B462-6E389F2D92BC}.Debug|Any CPU.Build.0 = Debug|Any CPU
		{9BE8D8A1-2A40-4214-B462-6E389F2D92BC}.Release|Any CPU.ActiveCfg = Release|Any CPU
		{9BE8D8A1-2A40-4214-B462-6E389F2D92BC}.Release|Any CPU.Build.0 = Release|Any CPU
		{B2C94E6F-8AEB-4F65-97DB-603504F795B4}.Debug|Any CPU.ActiveCfg = Debug|Any CPU
		{B2C94E6F-8AEB-4F65-97DB-603504F795B4}.Debug|Any CPU.Build.0 = Debug|Any CPU
		{B2C94E6F-8AEB-4F65-97DB-603504F795B4}.Release|Any CPU.ActiveCfg = Release|Any CPU
		{B2C94E6F-8AEB-4F65-97DB-603504F795B4}.Release|Any CPU.Build.0 = Release|Any CPU
		{5252A8C9-EACF-492F-BF88-C9F0551FF217}.Debug|Any CPU.ActiveCfg = Debug|Any CPU
		{5252A8C9-EACF-492F-BF88-C9F0551FF217}.Debug|Any CPU.Build.0 = Debug|Any CPU
		{5252A8C9-EACF-492F-BF88-C9F0551FF217}.Release|Any CPU.ActiveCfg = Release|Any CPU
		{5252A8C9-EACF-492F-BF88-C9F0551FF217}.Release|Any CPU.Build.0 = Release|Any CPU
	EndGlobalSection
	GlobalSection(NestedProjects) = preSolution
		{9BE8D8A1-2A40-4214-B462-6E389F2D92BC} = {8F356700-94D7-4BEC-8EC1-4884C1720301}
		{B2C94E6F-8AEB-4F65-97DB-603504F795B4} = {8F356700-94D7-4BEC-8EC1-4884C1720301}
		{5252A8C9-EACF-492F-BF88-C9F0551FF217} = {B97FD169-7E65-4688-8BD0-32FAF79AB2B4}
	EndGlobalSection
EndGlobal
